
Microsoft Visual Studio Solution File, Format Version 12.00
# Visual Studio Version 17
VisualStudioVersion = 17.14.36202.13 d17.14
MinimumVisualStudioVersion = 10.0.40219.1
Project("{54A90642-561A-4BB1-A94E-469ADEE60C69}") = "aymu-temizlik", "aymu-temizlik.esproj", "{318BF972-1423-F8A4-CBFC-4F69ECB4ACCD}"
EndProject
Global
	GlobalSection(SolutionConfigurationPlatforms) = preSolution
		Debug|Any CPU = Debug|Any CPU
		Release|Any CPU = Release|Any CPU
	EndGlobalSection
	GlobalSection(ProjectConfigurationPlatforms) = postSolution
		{318BF972-1423-F8A4-CBFC-4F69ECB4ACCD}.Debug|Any CPU.ActiveCfg = Debug|Any CPU
		{318BF972-1423-F8A4-CBFC-4F69ECB4ACCD}.Debug|Any CPU.Build.0 = Debug|Any CPU
		{318BF972-1423-F8A4-CBFC-4F69ECB4ACCD}.Debug|Any CPU.Deploy.0 = Debug|Any CPU
		{318BF972-1423-F8A4-CBFC-4F69ECB4ACCD}.Release|Any CPU.ActiveCfg = Release|Any CPU
		{318BF972-1423-F8A4-CBFC-4F69ECB4ACCD}.Release|Any CPU.Build.0 = Release|Any CPU
		{318BF972-1423-F8A4-CBFC-4F69ECB4ACCD}.Release|Any CPU.Deploy.0 = Release|Any CPU
	EndGlobalSection
	GlobalSection(SolutionProperties) = preSolution
		HideSolutionNode = FALSE
	EndGlobalSection
	GlobalSection(ExtensibilityGlobals) = postSolution
		SolutionGuid = {98BF441D-B04E-4C41-A7DD-9BB4BC2F9BFE}
	EndGlobalSection
EndGlobal
